
Microsoft Visual Studio Solution File, Format Version 12.00
# Visual Studio Version 16
VisualStudioVersion = 16.0.31911.196
MinimumVisualStudioVersion = 10.0.40219.1
Project("{FAE04EC0-301F-11D3-BF4B-00C04F79EFBC}") = "NotesApplication.Android", "NotesApplication.Android\NotesApplication.Android.csproj", "{A48BEBF6-EFE7-482E-BB35-3B694D9F8C9D}"
EndProject
Project("{FAE04EC0-301F-11D3-BF4B-00C04F79EFBC}") = "NotesApplication.iOS", "NotesApplication.iOS\NotesApplication.iOS.csproj", "{340460E6-2CC8-461F-A8DD-2FE599D0FB59}"
EndProject
Project("{FAE04EC0-301F-11D3-BF4B-00C04F79EFBC}") = "NotesApplication", "NotesApplication\NotesApplication.csproj", "{8BE3DA40-BB72-4259-AC20-A5830F506B5A}"
EndProject
Global
	GlobalSection(SolutionConfigurationPlatforms) = preSolution
		Debug|Any CPU = Debug|Any CPU
		Debug|iPhone = Debug|iPhone
		Debug|iPhoneSimulator = Debug|iPhoneSimulator
		Release|Any CPU = Release|Any CPU
		Release|iPhone = Release|iPhone
		Release|iPhoneSimulator = Release|iPhoneSimulator
	EndGlobalSection
	GlobalSection(ProjectConfigurationPlatforms) = postSolution
		{A48BEBF6-EFE7-482E-BB35-3B694D9F8C9D}.Debug|Any CPU.ActiveCfg = Debug|Any CPU
		{A48BEBF6-EFE7-482E-BB35-3B694D9F8C9D}.Debug|Any CPU.Build.0 = Debug|Any CPU
		{A48BEBF6-EFE7-482E-BB35-3B694D9F8C9D}.Debug|Any CPU.Deploy.0 = Debug|Any CPU
		{A48BEBF6-EFE7-482E-BB35-3B694D9F8C9D}.Debug|iPhone.ActiveCfg = Debug|Any CPU
		{A48BEBF6-EFE7-482E-BB35-3B694D9F8C9D}.Debug|iPhone.Build.0 = Debug|Any CPU
		{A48BEBF6-EFE7-482E-BB35-3B694D9F8C9D}.Debug|iPhone.Deploy.0 = Debug|Any CPU
		{A48BEBF6-EFE7-482E-BB35-3B694D9F8C9D}.Debug|iPhoneSimulator.ActiveCfg = Debug|Any CPU
		{A48BEBF6-EFE7-482E-BB35-3B694D9F8C9D}.Debug|iPhoneSimulator.Build.0 = Debug|Any CPU
		{A48BEBF6-EFE7-482E-BB35-3B694D9F8C9D}.Debug|iPhoneSimulator.Deploy.0 = Debug|Any CPU
		{A48BEBF6-EFE7-482E-BB35-3B694D9F8C9D}.Release|Any CPU.ActiveCfg = Release|Any CPU
		{A48BEBF6-EFE7-482E-BB35-3B694D9F8C9D}.Release|Any CPU.Build.0 = Release|Any CPU
		{A48BEBF6-EFE7-482E-BB35-3B694D9F8C9D}.Release|Any CPU.Deploy.0 = Release|Any CPU
		{A48BEBF6-EFE7-482E-BB35-3B694D9F8C9D}.Release|iPhone.ActiveCfg = Release|Any CPU
		{A48BEBF6-EFE7-482E-BB35-3B694D9F8C9D}.Release|iPhone.Build.0 = Release|Any CPU
		{A48BEBF6-EFE7-482E-BB35-3B694D9F8C9D}.Release|iPhone.Deploy.0 = Release|Any CPU
		{A48BEBF6-EFE7-482E-BB35-3B694D9F8C9D}.Release|iPhoneSimulator.ActiveCfg = Release|Any CPU
		{A48BEBF6-EFE7-482E-BB35-3B694D9F8C9D}.Release|iPhoneSimulator.Build.0 = Release|Any CPU
		{A48BEBF6-EFE7-482E-BB35-3B694D9F8C9D}.Release|iPhoneSimulator.Deploy.0 = Release|Any CPU
		{340460E6-2CC8-461F-A8DD-2FE599D0FB59}.Debug|Any CPU.ActiveCfg = Debug|iPhone
		{340460E6-2CC8-461F-A8DD-2FE599D0FB59}.Debug|Any CPU.Build.0 = Debug|iPhone
		{340460E6-2CC8-461F-A8DD-2FE599D0FB59}.Debug|Any CPU.Deploy.0 = Debug|iPhone
		{340460E6-2CC8-461F-A8DD-2FE599D0FB59}.Debug|iPhone.ActiveCfg = Debug|iPhone
		{340460E6-2CC8-461F-A8DD-2FE599D0FB59}.Debug|iPhone.Build.0 = Debug|iPhone
		{340460E6-2CC8-461F-A8DD-2FE599D0FB59}.Debug|iPhone.Deploy.0 = Debug|iPhone
		{340460E6-2CC8-461F-A8DD-2FE599D0FB59}.Debug|iPhoneSimulator.ActiveCfg = Debug|iPhoneSimulator
		{340460E6-2CC8-461F-A8DD-2FE599D0FB59}.Debug|iPhoneSimulator.Build.0 = Debug|iPhoneSimulator
		{340460E6-2CC8-461F-A8DD-2FE599D0FB59}.Debug|iPhoneSimulator.Deploy.0 = Debug|iPhoneSimulator
		{340460E6-2CC8-461F-A8DD-2FE599D0FB59}.Release|Any CPU.ActiveCfg = Release|iPhoneSimulator
		{340460E6-2CC8-461F-A8DD-2FE599D0FB59}.Release|Any CPU.Build.0 = Release|iPhoneSimulator
		{340460E6-2CC8-461F-A8DD-2FE599D0FB59}.Release|Any CPU.Deploy.0 = Release|iPhoneSimulator
		{340460E6-2CC8-461F-A8DD-2FE599D0FB59}.Release|iPhone.ActiveCfg = Release|iPhone
		{340460E6-2CC8-461F-A8DD-2FE599D0FB59}.Release|iPhone.Build.0 = Release|iPhone
		{340460E6-2CC8-461F-A8DD-2FE599D0FB59}.Release|iPhone.Deploy.0 = Release|iPhone
		{340460E6-2CC8-461F-A8DD-2FE599D0FB59}.Release|iPhoneSimulator.ActiveCfg = Release|iPhoneSimulator
		{340460E6-2CC8-461F-A8DD-2FE599D0FB59}.Release|iPhoneSimulator.Build.0 = Release|iPhoneSimulator
		{340460E6-2CC8-461F-A8DD-2FE599D0FB59}.Release|iPhoneSimulator.Deploy.0 = Release|iPhoneSimulator
		{8BE3DA40-BB72-4259-AC20-A5830F506B5A}.Debug|Any CPU.ActiveCfg = Debug|Any CPU
		{8BE3DA40-BB72-4259-AC20-A5830F506B5A}.Debug|Any CPU.Build.0 = Debug|Any CPU
		{8BE3DA40-BB72-4259-AC20-A5830F506B5A}.Debug|Any CPU.Deploy.0 = Debug|Any CPU
		{8BE3DA40-BB72-4259-AC20-A5830F506B5A}.Debug|iPhone.ActiveCfg = Debug|Any CPU
		{8BE3DA40-BB72-4259-AC20-A5830F506B5A}.Debug|iPhone.Build.0 = Debug|Any CPU
		{8BE3DA40-BB72-4259-AC20-A5830F506B5A}.Debug|iPhone.Deploy.0 = Debug|Any CPU
		{8BE3DA40-BB72-4259-AC20-A5830F506B5A}.Debug|iPhoneSimulator.ActiveCfg = Debug|Any CPU
		{8BE3DA40-BB72-4259-AC20-A5830F506B5A}.Debug|iPhoneSimulator.Build.0 = Debug|Any CPU
		{8BE3DA40-BB72-4259-AC20-A5830F506B5A}.Debug|iPhoneSimulator.Deploy.0 = Debug|Any CPU
		{8BE3DA40-BB72-4259-AC20-A5830F506B5A}.Release|Any CPU.ActiveCfg = Release|Any CPU
		{8BE3DA40-BB72-4259-AC20-A5830F506B5A}.Release|Any CPU.Build.0 = Release|Any CPU
		{8BE3DA40-BB72-4259-AC20-A5830F506B5A}.Release|Any CPU.Deploy.0 = Release|Any CPU
		{8BE3DA40-BB72-4259-AC20-A5830F506B5A}.Release|iPhone.ActiveCfg = Release|Any CPU
		{8BE3DA40-BB72-4259-AC20-A5830F506B5A}.Release|iPhone.Build.0 = Release|Any CPU
		{8BE3DA40-BB72-4259-AC20-A5830F506B5A}.Release|iPhone.Deploy.0 = Release|Any CPU
		{8BE3DA40-BB72-4259-AC20-A5830F506B5A}.Release|iPhoneSimulator.ActiveCfg = Release|Any CPU
		{8BE3DA40-BB72-4259-AC20-A5830F506B5A}.Release|iPhoneSimulator.Build.0 = Release|Any CPU
		{8BE3DA40-BB72-4259-AC20-A5830F506B5A}.Release|iPhoneSimulator.Deploy.0 = Release|Any CPU
	EndGlobalSection
	GlobalSection(SolutionProperties) = preSolution
		HideSolutionNode = FALSE
	EndGlobalSection
	GlobalSection(ExtensibilityGlobals) = postSolution
		SolutionGuid = {929F946A-B3CD-47DD-B0A2-0935DB4A24FF}
	EndGlobalSection
EndGlobal
